
Microsoft Visual Studio Solution File, Format Version 12.00
# Visual Studio Version 16
VisualStudioVersion = 16.0.33423.256
MinimumVisualStudioVersion = 10.0.40219.1
Project("{F184B08F-C81C-45F6-A57F-5ABD9991F28F}") = "ELYSIUM-FMS", "ELYSIUM-FMS\ELYSIUM-FMS.vbproj", "{5121F1DA-2CCB-4B6D-98D0-3A04050F164A}"
EndProject
Global
	GlobalSection(SolutionConfigurationPlatforms) = preSolution
		Debug|Any CPU = Debug|Any CPU
		Release|Any CPU = Release|Any CPU
	EndGlobalSection
	GlobalSection(ProjectConfigurationPlatforms) = postSolution
		{5121F1DA-2CCB-4B6D-98D0-3A04050F164A}.Debug|Any CPU.ActiveCfg = Debug|Any CPU
		{5121F1DA-2CCB-4B6D-98D0-3A04050F164A}.Debug|Any CPU.Build.0 = Debug|Any CPU
		{5121F1DA-2CCB-4B6D-98D0-3A04050F164A}.Release|Any CPU.ActiveCfg = Release|Any CPU
		{5121F1DA-2CCB-4B6D-98D0-3A04050F164A}.Release|Any CPU.Build.0 = Release|Any CPU
	EndGlobalSection
	GlobalSection(SolutionProperties) = preSolution
		HideSolutionNode = FALSE
	EndGlobalSection
	GlobalSection(ExtensibilityGlobals) = postSolution
		SolutionGuid = {8452A792-94BE-403B-8077-69E16D3C3896}
	EndGlobalSection
EndGlobal
